
Microsoft Visual Studio Solution File, Format Version 12.00
# Visual Studio Version 16
VisualStudioVersion = 16.0.30517.126
MinimumVisualStudioVersion = 10.0.40219.1
Project("{FAE04EC0-301F-11D3-BF4B-00C04F79EFBC}") = "FileSystem", "FileSystem\FileSystem.csproj", "{78B32A2D-FCFD-40CB-B2FA-FAC9C4DBAF8B}"
EndProject
Global
	GlobalSection(SolutionConfigurationPlatforms) = preSolution
		Debug|Any CPU = Debug|Any CPU
		Release|Any CPU = Release|Any CPU
	EndGlobalSection
	GlobalSection(ProjectConfigurationPlatforms) = postSolution
		{78B32A2D-FCFD-40CB-B2FA-FAC9C4DBAF8B}.Debug|Any CPU.ActiveCfg = Debug|Any CPU
		{78B32A2D-FCFD-40CB-B2FA-FAC9C4DBAF8B}.Debug|Any CPU.Build.0 = Debug|Any CPU
		{78B32A2D-FCFD-40CB-B2FA-FAC9C4DBAF8B}.Release|Any CPU.ActiveCfg = Release|Any CPU
		{78B32A2D-FCFD-40CB-B2FA-FAC9C4DBAF8B}.Release|Any CPU.Build.0 = Release|Any CPU
	EndGlobalSection
	GlobalSection(SolutionProperties) = preSolution
		HideSolutionNode = FALSE
	EndGlobalSection
	GlobalSection(ExtensibilityGlobals) = postSolution
		SolutionGuid = {A9A6F1CC-C924-4EFA-AAEC-1E0840659309}
	EndGlobalSection
EndGlobal
